// !$*UTF8*$!
{
	archiveVersion = 1;
	classes = {
	};
	objectVersion = 77;
	objects = {

/* Begin PBXBuildFile section */
		5BEED4772FABC822002316D7 /* PettyCashProIntents.appex in Embed ExtensionKit Extensions */ = {isa = PBXBuildFile; fileRef = 5BEED46E2FABC822002316D7 /* PettyCashProIntents.appex */; settings = {ATTRIBUTES = (RemoveHeadersOnCopy, ); }; };
/* End PBXBuildFile section */

/* Begin PBXContainerItemProxy section */
		5BEED4752FABC822002316D7 /* PBXContainerItemProxy */ = {
			isa = PBXContainerItemProxy;
			containerPortal = 5B5BFD682F968C7F006A7476 /* Project object */;
			proxyType = 1;
			remoteGlobalIDString = 5BEED46D2FABC822002316D7;
			remoteInfo = PettyCashProIntents;
		};
		5BF1BA622FAD2C000066C307 /* PBXContainerItemProxy */ = {
			isa = PBXContainerItemProxy;
			containerPortal = 5B5BFD682F968C7F006A7476 /* Project object */;
			proxyType = 1;
			remoteGlobalIDString = 5B5BFD6F2F968C7F006A7476;
			remoteInfo = PettyCashPro;
		};
/* End PBXContainerItemProxy section */

/* Begin PBXCopyFilesBuildPhase section */
		5BEED47C2FABC822002316D7 /* Embed ExtensionKit Extensions */ = {
			isa = PBXCopyFilesBuildPhase;
			buildActionMask = 2147483647;
			dstPath = "$(EXTENSIONS_FOLDER_PATH)";
			dstSubfolderSpec = 16;
			files = (
				5BEED4772FABC822002316D7 /* PettyCashProIntents.appex in Embed ExtensionKit Extensions */,
			);
			name = "Embed ExtensionKit Extensions";
			runOnlyForDeploymentPostprocessing = 0;
		};
/* End PBXCopyFilesBuildPhase section */

/* Begin PBXFileReference section */
		5B5BFD702F968C7F006A7476 /* PettyCashPro.app */ = {isa = PBXFileReference; explicitFileType = wrapper.application; includeInIndex = 0; path = PettyCashPro.app; sourceTree = BUILT_PRODUCTS_DIR; };
		5BEED46E2FABC822002316D7 /* PettyCashProIntents.appex */ = {isa = PBXFileReference; explicitFileType = "wrapper.extensionkit-extension"; includeInIndex = 0; path = PettyCashProIntents.appex; sourceTree = BUILT_PRODUCTS_DIR; };
		5BF1BA5E2FAD2C000066C307 /* PettyCashProTests.xctest */ = {isa = PBXFileReference; explicitFileType = wrapper.cfbundle; includeInIndex = 0; path = PettyCashProTests.xctest; sourceTree = BUILT_PRODUCTS_DIR; };
/* End PBXFileReference section */

/* Begin PBXFileSystemSynchronizedBuildFileExceptionSet section */
		5BED443E2FAA7F6600306BE4 /* Exceptions for "PettyCashPro" folder in "PettyCashPro" target */ = {
			isa = PBXFileSystemSynchronizedBuildFileExceptionSet;
			membershipExceptions = (
				Assets.xcassets,
				Info.plist,
			);
			target = 5B5BFD6F2F968C7F006A7476 /* PettyCashPro */;
		};
		5BEED47B2FABC822002316D7 /* Exceptions for "PettyCashProIntents" folder in "PettyCashProIntents" target */ = {
			isa = PBXFileSystemSynchronizedBuildFileExceptionSet;
			membershipExceptions = (
				Info.plist,
			);
			target = 5BEED46D2FABC822002316D7 /* PettyCashProIntents */;
		};
		5BEED47F2FABC88C002316D7 /* Exceptions for "PettyCashPro" folder in "PettyCashProIntents" target */ = {
			isa = PBXFileSystemSynchronizedBuildFileExceptionSet;
			membershipExceptions = (
				Services/SiriIntentHandler.swift,
			);
			target = 5BEED46D2FABC822002316D7 /* PettyCashProIntents */;
		};
/* End PBXFileSystemSynchronizedBuildFileExceptionSet section */

/* Begin PBXFileSystemSynchronizedRootGroup section */
		5B5BFD722F968C7F006A7476 /* PettyCashPro */ = {
			isa = PBXFileSystemSynchronizedRootGroup;
			exceptions = (
				5BED443E2FAA7F6600306BE4 /* Exceptions for "PettyCashPro" folder in "PettyCashPro" target */,
				5BEED47F2FABC88C002316D7 /* Exceptions for "PettyCashPro" folder in "PettyCashProIntents" target */,
			);
			path = PettyCashPro;
			sourceTree = "<group>";
		};
		5BEED46F2FABC822002316D7 /* PettyCashProIntents */ = {
			isa = PBXFileSystemSynchronizedRootGroup;
			exceptions = (
				5BEED47B2FABC822002316D7 /* Exceptions for "PettyCashProIntents" folder in "PettyCashProIntents" target */,
			);
			path = PettyCashProIntents;
			sourceTree = "<group>";
		};
		5BF1BA5F2FAD2C000066C307 /* PettyCashProTests */ = {
			isa = PBXFileSystemSynchronizedRootGroup;
			path = PettyCashProTests;
			sourceTree = "<group>";
		};
/* End PBXFileSystemSynchronizedRootGroup section */

/* Begin PBXFrameworksBuildPhase section */
		5B5BFD6D2F968C7F006A7476 /* Frameworks */ = {
			isa = PBXFrameworksBuildPhase;
			buildActionMask = 2147483647;
			files = (
			);
			runOnlyForDeploymentPostprocessing = 0;
		};
		5BEED46B2FABC822002316D7 /* Frameworks */ = {
			isa = PBXFrameworksBuildPhase;
			buildActionMask = 2147483647;
			files = (
			);
			runOnlyForDeploymentPostprocessing = 0;
		};
		5BF1BA5B2FAD2C000066C307 /* Frameworks */ = {
			isa = PBXFrameworksBuildPhase;
			buildActionMask = 2147483647;
			files = (
			);
			runOnlyForDeploymentPostprocessing = 0;
		};
/* End PBXFrameworksBuildPhase section */

/* Begin PBXGroup section */
		5B5BFD672F968C7F006A7476 = {
			isa = PBXGroup;
			children = (
				5B5BFD722F968C7F006A7476 /* PettyCashPro */,
				5BEED46F2FABC822002316D7 /* PettyCashProIntents */,
				5BF1BA5F2FAD2C000066C307 /* PettyCashProTests */,
				5B5BFD712F968C7F006A7476 /* Products */,
			);
			sourceTree = "<group>";
		};
		5B5BFD712F968C7F006A7476 /* Products */ = {
			isa = PBXGroup;
			children = (
				5B5BFD702F968C7F006A7476 /* PettyCashPro.app */,
				5BEED46E2FABC822002316D7 /* PettyCashProIntents.appex */,
				5BF1BA5E2FAD2C000066C307 /* PettyCashProTests.xctest */,
			);
			name = Products;
			sourceTree = "<group>";
		};
/* End PBXGroup section */

/* Begin PBXNativeTarget section */
		5B5BFD6F2F968C7F006A7476 /* PettyCashPro */ = {
			isa = PBXNativeTarget;
			buildConfigurationList = 5B5BFD7B2F968C7F006A7476 /* Build configuration list for PBXNativeTarget "PettyCashPro" */;
			buildPhases = (
				5B5BFD6C2F968C7F006A7476 /* Sources */,
				5B5BFD6D2F968C7F006A7476 /* Frameworks */,
				5B5BFD6E2F968C7F006A7476 /* Resources */,
				5BEED47C2FABC822002316D7 /* Embed ExtensionKit Extensions */,
			);
			buildRules = (
			);
			dependencies = (
				5BEED4762FABC822002316D7 /* PBXTargetDependency */,
			);
			fileSystemSynchronizedGroups = (
				5B5BFD722F968C7F006A7476 /* PettyCashPro */,
			);
			name = PettyCashPro;
			packageProductDependencies = (
			);
			productName = PettyCashPro;
			productReference = 5B5BFD702F968C7F006A7476 /* PettyCashPro.app */;
			productType = "com.apple.product-type.application";
		};
		5BEED46D2FABC822002316D7 /* PettyCashProIntents */ = {
			isa = PBXNativeTarget;
			buildConfigurationList = 5BEED4782FABC822002316D7 /* Build configuration list for PBXNativeTarget "PettyCashProIntents" */;
			buildPhases = (
				5BEED46A2FABC822002316D7 /* Sources */,
				5BEED46B2FABC822002316D7 /* Frameworks */,
				5BEED46C2FABC822002316D7 /* Resources */,
			);
			buildRules = (
			);
			dependencies = (
			);
			fileSystemSynchronizedGroups = (
				5BEED46F2FABC822002316D7 /* PettyCashProIntents */,
			);
			name = PettyCashProIntents;
			packageProductDependencies = (
			);
			productName = PettyCashProIntents;
			productReference = 5BEED46E2FABC822002316D7 /* PettyCashProIntents.appex */;
			productType = "com.apple.product-type.extensionkit-extension";
		};
		5BF1BA5D2FAD2C000066C307 /* PettyCashProTests */ = {
			isa = PBXNativeTarget;
			buildConfigurationList = 5BF1BA662FAD2C000066C307 /* Build configuration list for PBXNativeTarget "PettyCashProTests" */;
			buildPhases = (
				5BF1BA5A2FAD2C000066C307 /* Sources */,
				5BF1BA5B2FAD2C000066C307 /* Frameworks */,
				5BF1BA5C2FAD2C000066C307 /* Resources */,
			);
			buildRules = (
			);
			dependencies = (
				5BF1BA632FAD2C000066C307 /* PBXTargetDependency */,
			);
			fileSystemSynchronizedGroups = (
				5BF1BA5F2FAD2C000066C307 /* PettyCashProTests */,
			);
			name = PettyCashProTests;
			packageProductDependencies = (
			);
			productName = PettyCashProTests;
			productReference = 5BF1BA5E2FAD2C000066C307 /* PettyCashProTests.xctest */;
			productType = "com.apple.product-type.bundle.unit-test";
		};
/* End PBXNativeTarget section */

/* Begin PBXProject section */
		5B5BFD682F968C7F006A7476 /* Project object */ = {
			isa = PBXProject;
			attributes = {
				BuildIndependentTargetsInParallel = 1;
				LastSwiftUpdateCheck = 2620;
				LastUpgradeCheck = 2620;
				TargetAttributes = {
					5B5BFD6F2F968C7F006A7476 = {
						CreatedOnToolsVersion = 26.2;
					};
					5BEED46D2FABC822002316D7 = {
						CreatedOnToolsVersion = 26.2;
					};
					5BF1BA5D2FAD2C000066C307 = {
						CreatedOnToolsVersion = 26.2;
						TestTargetID = 5B5BFD6F2F968C7F006A7476;
					};
				};
			};
			buildConfigurationList = 5B5BFD6B2F968C7F006A7476 /* Build configuration list for PBXProject "PettyCashPro" */;
			developmentRegion = en;
			hasScannedForEncodings = 0;
			knownRegions = (
				en,
				Base,
			);
			mainGroup = 5B5BFD672F968C7F006A7476;
			minimizedProjectReferenceProxies = 1;
			preferredProjectObjectVersion = 77;
			productRefGroup = 5B5BFD712F968C7F006A7476 /* Products */;
			projectDirPath = "";
			projectRoot = "";
			targets = (
				5B5BFD6F2F968C7F006A7476 /* PettyCashPro */,
				5BEED46D2FABC822002316D7 /* PettyCashProIntents */,
				5BF1BA5D2FAD2C000066C307 /* PettyCashProTests */,
			);
		};
/* End PBXProject section */

/* Begin PBXResourcesBuildPhase section */
		5B5BFD6E2F968C7F006A7476 /* Resources */ = {
			isa = PBXResourcesBuildPhase;
			buildActionMask = 2147483647;
			files = (
			);
			runOnlyForDeploymentPostprocessing = 0;
		};
		5BEED46C2FABC822002316D7 /* Resources */ = {
			isa = PBXResourcesBuildPhase;
			buildActionMask = 2147483647;
			files = (
			);
			runOnlyForDeploymentPostprocessing = 0;
		};
		5BF1BA5C2FAD2C000066C307 /* Resources */ = {
			isa = PBXResourcesBuildPhase;
			buildActionMask = 2147483647;
			files = (
			);
			runOnlyForDeploymentPostprocessing = 0;
		};
/* End PBXResourcesBuildPhase section */

/* Begin PBXSourcesBuildPhase section */
		5B5BFD6C2F968C7F006A7476 /* Sources */ = {
			isa = PBXSourcesBuildPhase;
			buildActionMask = 2147483647;
			files = (
			);
			runOnlyForDeploymentPostprocessing = 0;
		};
		5BEED46A2FABC822002316D7 /* Sources */ = {
			isa = PBXSourcesBuildPhase;
			buildActionMask = 2147483647;
			files = (
			);
			runOnlyForDeploymentPostprocessing = 0;
		};
		5BF1BA5A2FAD2C000066C307 /* Sources */ = {
			isa = PBXSourcesBuildPhase;
			buildActionMask = 2147483647;
			files = (
			);
			runOnlyForDeploymentPostprocessing = 0;
		};
/* End PBXSourcesBuildPhase section */

/* Begin PBXTargetDependency section */
		5BEED4762FABC822002316D7 /* PBXTargetDependency */ = {
			isa = PBXTargetDependency;
			target = 5BEED46D2FABC822002316D7 /* PettyCashProIntents */;
			targetProxy = 5BEED4752FABC822002316D7 /* PBXContainerItemProxy */;
		};
		5BF1BA632FAD2C000066C307 /* PBXTargetDependency */ = {
			isa = PBXTargetDependency;
			target = 5B5BFD6F2F968C7F006A7476 /* PettyCashPro */;
			targetProxy = 5BF1BA622FAD2C000066C307 /* PBXContainerItemProxy */;
		};
/* End PBXTargetDependency section */

/* Begin XCBuildConfiguration section */
		5B5BFD792F968C7F006A7476 /* Debug */ = {
			isa = XCBuildConfiguration;
			buildSettings = {
				ALWAYS_SEARCH_USER_PATHS = NO;
				ASSETCATALOG_COMPILER_GENERATE_SWIFT_ASSET_SYMBOL_EXTENSIONS = YES;
				CLANG_ANALYZER_NONNULL = YES;
				CLANG_ANALYZER_NUMBER_OBJECT_CONVERSION = YES_AGGRESSIVE;
				CLANG_CXX_LANGUAGE_STANDARD = "gnu++20";
				CLANG_ENABLE_MODULES = YES;
				CLANG_ENABLE_OBJC_ARC = YES;
				CLANG_ENABLE_OBJC_WEAK = YES;
				CLANG_WARN_BLOCK_CAPTURE_AUTORELEASING = YES;
				CLANG_WARN_BOOL_CONVERSION = YES;
				CLANG_WARN_COMMA = YES;
				CLANG_WARN_CONSTANT_CONVERSION = YES;
				CLANG_WARN_DEPRECATED_OBJC_IMPLEMENTATIONS = YES;
				CLANG_WARN_DIRECT_OBJC_ISA_USAGE = YES_ERROR;
				CLANG_WARN_DOCUMENTATION_COMMENTS = YES;
				CLANG_WARN_EMPTY_BODY = YES;
				CLANG_WARN_ENUM_CONVERSION = YES;
				CLANG_WARN_INFINITE_RECURSION = YES;
				CLANG_WARN_INT_CONVERSION = YES;
				CLANG_WARN_NON_LITERAL_NULL_CONVERSION = YES;
				CLANG_WARN_OBJC_IMPLICIT_RETAIN_SELF = YES;
				CLANG_WARN_OBJC_LITERAL_CONVERSION = YES;
				CLANG_WARN_OBJC_ROOT_CLASS = YES_ERROR;
				CLANG_WARN_QUOTED_INCLUDE_IN_FRAMEWORK_HEADER = YES;
				CLANG_WARN_RANGE_LOOP_ANALYSIS = YES;
				CLANG_WARN_STRICT_PROTOTYPES = YES;
				CLANG_WARN_SUSPICIOUS_MOVE = YES;
				CLANG_WARN_UNGUARDED_AVAILABILITY = YES_AGGRESSIVE;
				CLANG_WARN_UNREACHABLE_CODE = YES;
				CLANG_WARN__DUPLICATE_METHOD_MATCH = YES;
				COPY_PHASE_STRIP = NO;
				DEBUG_INFORMATION_FORMAT = dwarf;
				DEVELOPMENT_TEAM = 833W62KUZS;
				ENABLE_STRICT_OBJC_MSGSEND = YES;
				ENABLE_TESTABILITY = YES;
				ENABLE_USER_SCRIPT_SANDBOXING = YES;
				GCC_C_LANGUAGE_STANDARD = gnu17;
				GCC_DYNAMIC_NO_PIC = NO;
				GCC_NO_COMMON_BLOCKS = YES;
				GCC_OPTIMIZATION_LEVEL = 0;
				GCC_PREPROCESSOR_DEFINITIONS = (
					"DEBUG=1",
					"$(inherited)",
				);
				GCC_WARN_64_TO_32_BIT_CONVERSION = YES;
				GCC_WARN_ABOUT_RETURN_TYPE = YES_ERROR;
				GCC_WARN_UNDECLARED_SELECTOR = YES;
				GCC_WARN_UNINITIALIZED_AUTOS = YES_AGGRESSIVE;
				GCC_WARN_UNUSED_FUNCTION = YES;
				GCC_WARN_UNUSED_VARIABLE = YES;
				IPHONEOS_DEPLOYMENT_TARGET = 26.2;
				LOCALIZATION_PREFERS_STRING_CATALOGS = YES;
				MTL_ENABLE_DEBUG_INFO = INCLUDE_SOURCE;
				MTL_FAST_MATH = YES;
				ONLY_ACTIVE_ARCH = YES;
				SDKROOT = iphoneos;
				SWIFT_ACTIVE_COMPILATION_CONDITIONS = "DEBUG $(inherited)";
				SWIFT_OPTIMIZATION_LEVEL = "-Onone";
			};
			name = Debug;
		};
		5B5BFD7A2F968C7F006A7476 /* Release */ = {
			isa = XCBuildConfiguration;
			buildSettings = {
				ALWAYS_SEARCH_USER_PATHS = NO;
				ASSETCATALOG_COMPILER_GENERATE_SWIFT_ASSET_SYMBOL_EXTENSIONS = YES;
				CLANG_ANALYZER_NONNULL = YES;
				CLANG_ANALYZER_NUMBER_OBJECT_CONVERSION = YES_AGGRESSIVE;
				CLANG_CXX_LANGUAGE_STANDARD = "gnu++20";
				CLANG_ENABLE_MODULES = YES;
				CLANG_ENABLE_OBJC_ARC = YES;
				CLANG_ENABLE_OBJC_WEAK = YES;
				CLANG_WARN_BLOCK_CAPTURE_AUTORELEASING = YES;
				CLANG_WARN_BOOL_CONVERSION = YES;
				CLANG_WARN_COMMA = YES;
				CLANG_WARN_CONSTANT_CONVERSION = YES;
				CLANG_WARN_DEPRECATED_OBJC_IMPLEMENTATIONS = YES;
				CLANG_WARN_DIRECT_OBJC_ISA_USAGE = YES_ERROR;
				CLANG_WARN_DOCUMENTATION_COMMENTS = YES;
				CLANG_WARN_EMPTY_BODY = YES;
				CLANG_WARN_ENUM_CONVERSION = YES;
				CLANG_WARN_INFINITE_RECURSION = YES;
				CLANG_WARN_INT_CONVERSION = YES;
				CLANG_WARN_NON_LITERAL_NULL_CONVERSION = YES;
				CLANG_WARN_OBJC_IMPLICIT_RETAIN_SELF = YES;
				CLANG_WARN_OBJC_LITERAL_CONVERSION = YES;
				CLANG_WARN_OBJC_ROOT_CLASS = YES_ERROR;
				CLANG_WARN_QUOTED_INCLUDE_IN_FRAMEWORK_HEADER = YES;
				CLANG_WARN_RANGE_LOOP_ANALYSIS = YES;
				CLANG_WARN_STRICT_PROTOTYPES = YES;
				CLANG_WARN_SUSPICIOUS_MOVE = YES;
				CLANG_WARN_UNGUARDED_AVAILABILITY = YES_AGGRESSIVE;
				CLANG_WARN_UNREACHABLE_CODE = YES;
				CLANG_WARN__DUPLICATE_METHOD_MATCH = YES;
				COPY_PHASE_STRIP = NO;
				DEBUG_INFORMATION_FORMAT = "dwarf-with-dsym";
				DEVELOPMENT_TEAM = 833W62KUZS;
				ENABLE_NS_ASSERTIONS = NO;
				ENABLE_STRICT_OBJC_MSGSEND = YES;
				ENABLE_USER_SCRIPT_SANDBOXING = YES;
				GCC_C_LANGUAGE_STANDARD = gnu17;
				GCC_NO_COMMON_BLOCKS = YES;
				GCC_WARN_64_TO_32_BIT_CONVERSION = YES;
				GCC_WARN_ABOUT_RETURN_TYPE = YES_ERROR;
				GCC_WARN_UNDECLARED_SELECTOR = YES;
				GCC_WARN_UNINITIALIZED_AUTOS = YES_AGGRESSIVE;
				GCC_WARN_UNUSED_FUNCTION = YES;
				GCC_WARN_UNUSED_VARIABLE = YES;
				IPHONEOS_DEPLOYMENT_TARGET = 26.2;
				LOCALIZATION_PREFERS_STRING_CATALOGS = YES;
				MTL_ENABLE_DEBUG_INFO = NO;
				MTL_FAST_MATH = YES;
				SDKROOT = iphoneos;
				SWIFT_COMPILATION_MODE = wholemodule;
				VALIDATE_PRODUCT = YES;
			};
			name = Release;
		};
		5B5BFD7C2F968C7F006A7476 /* Debug */ = {
			isa = XCBuildConfiguration;
			buildSettings = {
				ASSETCATALOG_COMPILER_APPICON_NAME = AppIcon;
				ASSETCATALOG_COMPILER_GLOBAL_ACCENT_COLOR_NAME = AccentColor;
				CODE_SIGN_ENTITLEMENTS = PettyCashPro/PettyCashPro.entitlements;
				CODE_SIGN_STYLE = Automatic;
				CURRENT_PROJECT_VERSION = 1;
				DEVELOPMENT_TEAM = 833W62KUZS;
				ENABLE_PREVIEWS = YES;
				GENERATE_INFOPLIST_FILE = YES;
				INFOPLIST_FILE = PettyCashPro/Info.plist;
				INFOPLIST_KEY_NSCameraUsageDescription = "We need camera access to capture receipt images";
				INFOPLIST_KEY_NSFaceIDUsageDescription = "PettyCash Pro uses Face ID for secure, fast login.";
				INFOPLIST_KEY_NSLocationAlwaysAndWhenInUseUsageDescription = "PettyCash Pro uses your location to show nearby ATMs and calculate distances.";
				INFOPLIST_KEY_NSLocationWhenInUseUsageDescription = "PettyCash Pro uses your location to show nearby ATMs and calculate distances.";
				INFOPLIST_KEY_NSPhotoLibraryAddUsageDescription = "We need photo library access to upload receipt images";
				INFOPLIST_KEY_NSPhotoLibraryUsageDescription = "We need photo library access to upload receipt images";
				INFOPLIST_KEY_UIApplicationSceneManifest_Generation = YES;
				INFOPLIST_KEY_UIApplicationSupportsIndirectInputEvents = YES;
				INFOPLIST_KEY_UILaunchScreen_Generation = YES;
				INFOPLIST_KEY_UISupportedInterfaceOrientations_iPad = "UIInterfaceOrientationPortrait UIInterfaceOrientationPortraitUpsideDown UIInterfaceOrientationLandscapeLeft UIInterfaceOrientationLandscapeRight";
				INFOPLIST_KEY_UISupportedInterfaceOrientations_iPhone = "UIInterfaceOrientationPortrait UIInterfaceOrientationLandscapeLeft UIInterfaceOrientationLandscapeRight";
				LD_RUNPATH_SEARCH_PATHS = (
					"$(inherited)",
					"@executable_path/Frameworks",
				);
				MARKETING_VERSION = 1.0;
				PRODUCT_BUNDLE_IDENTIFIER = com.v2.PettyCashPro;
				PRODUCT_NAME = "$(TARGET_NAME)";
				STRING_CATALOG_GENERATE_SYMBOLS = YES;
				SWIFT_APPROACHABLE_CONCURRENCY = YES;
				SWIFT_DEFAULT_ACTOR_ISOLATION = MainActor;
				SWIFT_EMIT_LOC_STRINGS = YES;
				SWIFT_UPCOMING_FEATURE_MEMBER_IMPORT_VISIBILITY = YES;
				SWIFT_VERSION = 5.0;
				TARGETED_DEVICE_FAMILY = "1,2";
			};
			name = Debug;
		};
		5B5BFD7D2F968C7F006A7476 /* Release */ = {
			isa = XCBuildConfiguration;
			buildSettings = {
				ASSETCATALOG_COMPILER_APPICON_NAME = AppIcon;
				ASSETCATALOG_COMPILER_GLOBAL_ACCENT_COLOR_NAME = AccentColor;
				CODE_SIGN_ENTITLEMENTS = PettyCashPro/PettyCashProRelease.entitlements;
				CODE_SIGN_STYLE = Automatic;
				CURRENT_PROJECT_VERSION = 1;
				DEVELOPMENT_TEAM = 833W62KUZS;
				ENABLE_PREVIEWS = YES;
				GENERATE_INFOPLIST_FILE = YES;
				INFOPLIST_FILE = PettyCashPro/Info.plist;
				INFOPLIST_KEY_NSCameraUsageDescription = "We need camera access to capture receipt images";
				INFOPLIST_KEY_NSFaceIDUsageDescription = "PettyCash Pro uses Face ID for secure, fast login.";
				INFOPLIST_KEY_NSLocationAlwaysAndWhenInUseUsageDescription = "PettyCash Pro uses your location to show nearby ATMs and calculate distances.";
				INFOPLIST_KEY_NSLocationWhenInUseUsageDescription = "PettyCash Pro uses your location to show nearby ATMs and calculate distances.";
				INFOPLIST_KEY_NSPhotoLibraryAddUsageDescription = "We need photo library access to upload receipt images";
				INFOPLIST_KEY_NSPhotoLibraryUsageDescription = "We need photo library access to upload receipt images";
				INFOPLIST_KEY_UIApplicationSceneManifest_Generation = YES;
				INFOPLIST_KEY_UIApplicationSupportsIndirectInputEvents = YES;
				INFOPLIST_KEY_UILaunchScreen_Generation = YES;
				INFOPLIST_KEY_UISupportedInterfaceOrientations_iPad = "UIInterfaceOrientationPortrait UIInterfaceOrientationPortraitUpsideDown UIInterfaceOrientationLandscapeLeft UIInterfaceOrientationLandscapeRight";
				INFOPLIST_KEY_UISupportedInterfaceOrientations_iPhone = "UIInterfaceOrientationPortrait UIInterfaceOrientationLandscapeLeft UIInterfaceOrientationLandscapeRight";
				LD_RUNPATH_SEARCH_PATHS = (
					"$(inherited)",
					"@executable_path/Frameworks",
				);
				MARKETING_VERSION = 1.0;
				PRODUCT_BUNDLE_IDENTIFIER = com.v2.PettyCashPro;
				PRODUCT_NAME = "$(TARGET_NAME)";
				STRING_CATALOG_GENERATE_SYMBOLS = YES;
				SWIFT_APPROACHABLE_CONCURRENCY = YES;
				SWIFT_DEFAULT_ACTOR_ISOLATION = MainActor;
				SWIFT_EMIT_LOC_STRINGS = YES;
				SWIFT_UPCOMING_FEATURE_MEMBER_IMPORT_VISIBILITY = YES;
				SWIFT_VERSION = 5.0;
				TARGETED_DEVICE_FAMILY = "1,2";
			};
			name = Release;
		};
		5BEED4792FABC822002316D7 /* Debug */ = {
			isa = XCBuildConfiguration;
			buildSettings = {
				CODE_SIGN_STYLE = Automatic;
				CURRENT_PROJECT_VERSION = 1;
				DEVELOPMENT_TEAM = 833W62KUZS;
				GENERATE_INFOPLIST_FILE = YES;
				INFOPLIST_FILE = PettyCashProIntents/Info.plist;
				INFOPLIST_KEY_CFBundleDisplayName = PettyCashProIntents;
				INFOPLIST_KEY_NSHumanReadableCopyright = "";
				LD_RUNPATH_SEARCH_PATHS = (
					"$(inherited)",
					"@executable_path/Frameworks",
					"@executable_path/../../Frameworks",
				);
				MARKETING_VERSION = 1.0;
				PRODUCT_BUNDLE_IDENTIFIER = com.v2.PettyCashPro.PettyCashProIntents;
				PRODUCT_NAME = "$(TARGET_NAME)";
				SKIP_INSTALL = YES;
				STRING_CATALOG_GENERATE_SYMBOLS = YES;
				SWIFT_APPROACHABLE_CONCURRENCY = YES;
				SWIFT_EMIT_LOC_STRINGS = YES;
				SWIFT_UPCOMING_FEATURE_MEMBER_IMPORT_VISIBILITY = YES;
				SWIFT_VERSION = 5.0;
				TARGETED_DEVICE_FAMILY = "1,2";
			};
			name = Debug;
		};
		5BEED47A2FABC822002316D7 /* Release */ = {
			isa = XCBuildConfiguration;
			buildSettings = {
				CODE_SIGN_ENTITLEMENTS = PettyCashProIntents/PettyCashProIntentsRelease.entitlements;
				CODE_SIGN_STYLE = Automatic;
				CURRENT_PROJECT_VERSION = 1;
				DEVELOPMENT_TEAM = 833W62KUZS;
				GENERATE_INFOPLIST_FILE = YES;
				INFOPLIST_FILE = PettyCashProIntents/Info.plist;
				INFOPLIST_KEY_CFBundleDisplayName = PettyCashProIntents;
				INFOPLIST_KEY_NSHumanReadableCopyright = "";
				LD_RUNPATH_SEARCH_PATHS = (
					"$(inherited)",
					"@executable_path/Frameworks",
					"@executable_path/../../Frameworks",
				);
				MARKETING_VERSION = 1.0;
				PRODUCT_BUNDLE_IDENTIFIER = com.v2.PettyCashPro.PettyCashProIntents;
				PRODUCT_NAME = "$(TARGET_NAME)";
				SKIP_INSTALL = YES;
				STRING_CATALOG_GENERATE_SYMBOLS = YES;
				SWIFT_APPROACHABLE_CONCURRENCY = YES;
				SWIFT_EMIT_LOC_STRINGS = YES;
				SWIFT_UPCOMING_FEATURE_MEMBER_IMPORT_VISIBILITY = YES;
				SWIFT_VERSION = 5.0;
				TARGETED_DEVICE_FAMILY = "1,2";
			};
			name = Release;
		};
		5BF1BA642FAD2C000066C307 /* Debug */ = {
			isa = XCBuildConfiguration;
			buildSettings = {
				BUNDLE_LOADER = "$(TEST_HOST)";
				CODE_SIGN_STYLE = Automatic;
				CURRENT_PROJECT_VERSION = 1;
				DEVELOPMENT_TEAM = 833W62KUZS;
				GENERATE_INFOPLIST_FILE = YES;
				MARKETING_VERSION = 1.0;
				PRODUCT_BUNDLE_IDENTIFIER = com.v2.PettyCashProTests;
				PRODUCT_NAME = "$(TARGET_NAME)";
				STRING_CATALOG_GENERATE_SYMBOLS = NO;
				SWIFT_APPROACHABLE_CONCURRENCY = YES;
				SWIFT_EMIT_LOC_STRINGS = NO;
				SWIFT_UPCOMING_FEATURE_MEMBER_IMPORT_VISIBILITY = YES;
				SWIFT_VERSION = 5.0;
				TARGETED_DEVICE_FAMILY = "1,2";
				TEST_HOST = "$(BUILT_PRODUCTS_DIR)/PettyCashPro.app/$(BUNDLE_EXECUTABLE_FOLDER_PATH)/PettyCashPro";
			};
			name = Debug;
		};
		5BF1BA652FAD2C000066C307 /* Release */ = {
			isa = XCBuildConfiguration;
			buildSettings = {
				BUNDLE_LOADER = "$(TEST_HOST)";
				CODE_SIGN_STYLE = Automatic;
				CURRENT_PROJECT_VERSION = 1;
				DEVELOPMENT_TEAM = 833W62KUZS;
				GENERATE_INFOPLIST_FILE = YES;
				MARKETING_VERSION = 1.0;
				PRODUCT_BUNDLE_IDENTIFIER = com.v2.PettyCashProTests;
				PRODUCT_NAME = "$(TARGET_NAME)";
				STRING_CATALOG_GENERATE_SYMBOLS = NO;
				SWIFT_APPROACHABLE_CONCURRENCY = YES;
				SWIFT_EMIT_LOC_STRINGS = NO;
				SWIFT_UPCOMING_FEATURE_MEMBER_IMPORT_VISIBILITY = YES;
				SWIFT_VERSION = 5.0;
				TARGETED_DEVICE_FAMILY = "1,2";
				TEST_HOST = "$(BUILT_PRODUCTS_DIR)/PettyCashPro.app/$(BUNDLE_EXECUTABLE_FOLDER_PATH)/PettyCashPro";
			};
			name = Release;
		};
/* End XCBuildConfiguration section */

/* Begin XCConfigurationList section */
		5B5BFD6B2F968C7F006A7476 /* Build configuration list for PBXProject "PettyCashPro" */ = {
			isa = XCConfigurationList;
			buildConfigurations = (
				5B5BFD792F968C7F006A7476 /* Debug */,
				5B5BFD7A2F968C7F006A7476 /* Release */,
			);
			defaultConfigurationIsVisible = 0;
			defaultConfigurationName = Release;
		};
		5B5BFD7B2F968C7F006A7476 /* Build configuration list for PBXNativeTarget "PettyCashPro" */ = {
			isa = XCConfigurationList;
			buildConfigurations = (
				5B5BFD7C2F968C7F006A7476 /* Debug */,
				5B5BFD7D2F968C7F006A7476 /* Release */,
			);
			defaultConfigurationIsVisible = 0;
			defaultConfigurationName = Release;
		};
		5BEED4782FABC822002316D7 /* Build configuration list for PBXNativeTarget "PettyCashProIntents" */ = {
			isa = XCConfigurationList;
			buildConfigurations = (
				5BEED4792FABC822002316D7 /* Debug */,
				5BEED47A2FABC822002316D7 /* Release */,
			);
			defaultConfigurationIsVisible = 0;
			defaultConfigurationName = Release;
		};
		5BF1BA662FAD2C000066C307 /* Build configuration list for PBXNativeTarget "PettyCashProTests" */ = {
			isa = XCConfigurationList;
			buildConfigurations = (
				5BF1BA642FAD2C000066C307 /* Debug */,
				5BF1BA652FAD2C000066C307 /* Release */,
			);
			defaultConfigurationIsVisible = 0;
			defaultConfigurationName = Release;
		};
/* End XCConfigurationList section */
	};
	rootObject = 5B5BFD682F968C7F006A7476 /* Project object */;
}
